{
  "requires": true,
  "lockfileVersion": 1,
  "dependencies": {
    "formbuilder": {
      "version": "0.0.0",
      "resolved": "https://registry.npmjs.org/formbuilder/-/formbuilder-0.0.0.tgz",
      "integrity": "sha512-2cu7I+u8a5XFYjvOv+jcout6NVZKQ+Nwsi0PXlScvXpiWAbGwlyfI1+nJy3zRze03zgIzqV2HvLGEzUb+qbaqA=="
    }
  }
}
